
Microsoft Visual Studio Solution File, Format Version 12.00
Project("{2150E333-8FDC-42A3-9474-1A3956D46DE8}") = "1 - Core", "1 - Core", "{30D9EBBA-3F34-479B-99CE-3D1E41CB3BE6}"
EndProject
Project("{2150E333-8FDC-42A3-9474-1A3956D46DE8}") = "3 - Infra", "3 - Infra", "{2A5A8B2E-0292-4ACA-96E8-4A8DB87F24BB}"
EndProject
Project("{2150E333-8FDC-42A3-9474-1A3956D46DE8}") = "4 - Tests", "4 - Tests", "{E5C76FAA-FD7E-4880-A8A6-526B14741A73}"
EndProject
Project("{FAE04EC0-301F-11D3-BF4B-00C04F79EFBC}") = "Application", "Application\Application.csproj", "{A38F4128-351C-42C9-85A5-AE84AA2C23B2}"
EndProject
Project("{FAE04EC0-301F-11D3-BF4B-00C04F79EFBC}") = "Domain", "Domain\Domain.csproj", "{8AAE5ED1-60C2-41A4-9B9C-B8587D0872AB}"
EndProject
Project("{FAE04EC0-301F-11D3-BF4B-00C04F79EFBC}") = "Database", "Database\Database.csproj", "{B9C47786-26AE-43F0-9C75-839A3F861727}"
EndProject
Project("{FAE04EC0-301F-11D3-BF4B-00C04F79EFBC}") = "MessageQueue", "MessageQueue\MessageQueue.csproj", "{41E1C836-E543-49AE-B011-0A0E21464A59}"
EndProject
Project("{2150E333-8FDC-42A3-9474-1A3956D46DE8}") = "2 - Presentation", "2 - Presentation", "{B94DE9EC-C915-41BD-BDB6-A91F316CC452}"
EndProject
Project("{FAE04EC0-301F-11D3-BF4B-00C04F79EFBC}") = "Api", "Presentation\Api.csproj", "{EB92312D-BD7B-4CB1-9BAA-76B7DF124104}"
EndProject
Global
	GlobalSection(SolutionConfigurationPlatforms) = preSolution
		Debug|Any CPU = Debug|Any CPU
		Release|Any CPU = Release|Any CPU
	EndGlobalSection
	GlobalSection(ProjectConfigurationPlatforms) = postSolution
		{A38F4128-351C-42C9-85A5-AE84AA2C23B2}.Debug|Any CPU.ActiveCfg = Debug|Any CPU
		{A38F4128-351C-42C9-85A5-AE84AA2C23B2}.Debug|Any CPU.Build.0 = Debug|Any CPU
		{A38F4128-351C-42C9-85A5-AE84AA2C23B2}.Release|Any CPU.ActiveCfg = Release|Any CPU
		{A38F4128-351C-42C9-85A5-AE84AA2C23B2}.Release|Any CPU.Build.0 = Release|Any CPU
		{8AAE5ED1-60C2-41A4-9B9C-B8587D0872AB}.Debug|Any CPU.ActiveCfg = Debug|Any CPU
		{8AAE5ED1-60C2-41A4-9B9C-B8587D0872AB}.Debug|Any CPU.Build.0 = Debug|Any CPU
		{8AAE5ED1-60C2-41A4-9B9C-B8587D0872AB}.Release|Any CPU.ActiveCfg = Release|Any CPU
		{8AAE5ED1-60C2-41A4-9B9C-B8587D0872AB}.Release|Any CPU.Build.0 = Release|Any CPU
		{B9C47786-26AE-43F0-9C75-839A3F861727}.Debug|Any CPU.ActiveCfg = Debug|Any CPU
		{B9C47786-26AE-43F0-9C75-839A3F861727}.Debug|Any CPU.Build.0 = Debug|Any CPU
		{B9C47786-26AE-43F0-9C75-839A3F861727}.Release|Any CPU.ActiveCfg = Release|Any CPU
		{B9C47786-26AE-43F0-9C75-839A3F861727}.Release|Any CPU.Build.0 = Release|Any CPU
		{41E1C836-E543-49AE-B011-0A0E21464A59}.Debug|Any CPU.ActiveCfg = Debug|Any CPU
		{41E1C836-E543-49AE-B011-0A0E21464A59}.Debug|Any CPU.Build.0 = Debug|Any CPU
		{41E1C836-E543-49AE-B011-0A0E21464A59}.Release|Any CPU.ActiveCfg = Release|Any CPU
		{41E1C836-E543-49AE-B011-0A0E21464A59}.Release|Any CPU.Build.0 = Release|Any CPU
		{EB92312D-BD7B-4CB1-9BAA-76B7DF124104}.Debug|Any CPU.ActiveCfg = Debug|Any CPU
		{EB92312D-BD7B-4CB1-9BAA-76B7DF124104}.Debug|Any CPU.Build.0 = Debug|Any CPU
		{EB92312D-BD7B-4CB1-9BAA-76B7DF124104}.Release|Any CPU.ActiveCfg = Release|Any CPU
		{EB92312D-BD7B-4CB1-9BAA-76B7DF124104}.Release|Any CPU.Build.0 = Release|Any CPU
	EndGlobalSection
	GlobalSection(NestedProjects) = preSolution
		{A38F4128-351C-42C9-85A5-AE84AA2C23B2} = {30D9EBBA-3F34-479B-99CE-3D1E41CB3BE6}
		{8AAE5ED1-60C2-41A4-9B9C-B8587D0872AB} = {30D9EBBA-3F34-479B-99CE-3D1E41CB3BE6}
		{B9C47786-26AE-43F0-9C75-839A3F861727} = {2A5A8B2E-0292-4ACA-96E8-4A8DB87F24BB}
		{41E1C836-E543-49AE-B011-0A0E21464A59} = {2A5A8B2E-0292-4ACA-96E8-4A8DB87F24BB}
		{EB92312D-BD7B-4CB1-9BAA-76B7DF124104} = {B94DE9EC-C915-41BD-BDB6-A91F316CC452}
	EndGlobalSection
EndGlobal
